{
  "version": 4,
  "terraform_version": "1.12.2",
  "serial": 14,
  "lineage": "5c177ade-5051-0fc8-3ce4-912f6d085fd8",
  "outputs": {},
  "resources": [
    {
      "mode": "managed",
      "type": "azurerm_app_service_source_control",
      "name": "app_source",
      "provider": "provider[\"registry.terraform.io/hashicorp/azurerm\"]",
      "instances": [
        {
          "schema_version": 0,
          "attributes": {
            "app_id": "/subscriptions/88eaf9d2-b255-412e-a937-141f9281d5bd/resourceGroups/webapp-rg/providers/Microsoft.Web/sites/cloudprogrammingproject-281141",
            "branch": "main",
            "github_action_configuration": [],
            "id": "/subscriptions/88eaf9d2-b255-412e-a937-141f9281d5bd/resourceGroups/webapp-rg/providers/Microsoft.Web/sites/cloudprogrammingproject-281141",
            "repo_url": "https://github.com/attilafekete73/cphtmlhelloworld",
            "rollback_enabled": false,
            "scm_type": "GitHub",
            "timeouts": null,
            "use_local_git": false,
            "use_manual_integration": false,
            "use_mercurial": false,
            "uses_github_action": false
          },
          "sensitive_attributes": [],
          "identity_schema_version": 0,
          "private": "eyJlMmJmYjczMC1lY2FhLTExZTYtOGY4OC0zNDM2M2JjN2M0YzAiOnsiY3JlYXRlIjoxODAwMDAwMDAwMDAwLCJkZWxldGUiOjE4MDAwMDAwMDAwMDAsInJlYWQiOjMwMDAwMDAwMDAwMH19",
          "dependencies": [
            "azurerm_linux_web_app.app",
            "azurerm_resource_group.rg",
            "azurerm_service_plan.asp",
            "random_integer.six_digit"
          ]
        }
      ]
    },
    {
      "mode": "managed",
      "type": "azurerm_linux_web_app",
      "name": "app",
      "provider": "provider[\"registry.terraform.io/hashicorp/azurerm\"]",
      "instances": [
        {
          "schema_version": 1,
          "attributes": {
            "app_settings": {
              "DOCKER_ENABLE_CI": "true",
              "WEBSITES_PORT": "80",
              "WEBSITE_RUN_FROM_PACKAGE": "1"
            },
            "auth_settings": [],
            "auth_settings_v2": [],
            "backup": [],
            "client_affinity_enabled": false,
            "client_certificate_enabled": false,
            "client_certificate_exclusion_paths": "",
            "client_certificate_mode": "Required",
            "connection_string": [],
            "custom_domain_verification_id": "C270990B4665EEC7ACA3A574C175A01D430EE3B88016820BAE7D08A57A245669",
            "default_hostname": "cloudprogrammingproject-281141.azurewebsites.net",
            "enabled": true,
            "ftp_publish_basic_authentication_enabled": true,
            "hosting_environment_id": "",
            "https_only": false,
            "id": "/subscriptions/88eaf9d2-b255-412e-a937-141f9281d5bd/resourceGroups/webapp-rg/providers/Microsoft.Web/sites/cloudprogrammingproject-281141",
            "identity": [],
            "key_vault_reference_identity_id": "SystemAssigned",
            "kind": "app,linux",
            "location": "westeurope",
            "logs": [],
            "name": "cloudprogrammingproject-281141",
            "outbound_ip_address_list": [
              "20.86.192.229",
              "20.86.197.46",
              "20.86.198.50",
              "20.86.198.55",
              "20.86.192.136",
              "20.86.197.17",
              "20.50.2.71"
            ],
            "outbound_ip_addresses": "20.86.192.229,20.86.197.46,20.86.198.50,20.86.198.55,20.86.192.136,20.86.197.17,20.50.2.71",
            "possible_outbound_ip_address_list": [
              "20.86.192.229",
              "20.86.197.46",
              "20.86.198.50",
              "20.86.198.55",
              "20.86.192.136",
              "20.86.197.17",
              "20.86.198.60",
              "20.86.198.77",
              "20.86.197.28",
              "20.86.198.83",
              "20.86.198.86",
              "20.86.198.163",
              "20.86.198.187",
              "20.86.198.231",
              "20.86.192.140",
              "20.86.197.10",
              "20.86.197.66",
              "20.86.197.130",
              "20.82.27.42",
              "20.82.27.49",
              "20.82.27.240",
              "20.82.28.201",
              "20.82.28.253",
              "20.82.29.15",
              "20.50.2.71"
            ],
            "possible_outbound_ip_addresses": "20.86.192.229,20.86.197.46,20.86.198.50,20.86.198.55,20.86.192.136,20.86.197.17,20.86.198.60,20.86.198.77,20.86.197.28,20.86.198.83,20.86.198.86,20.86.198.163,20.86.198.187,20.86.198.231,20.86.192.140,20.86.197.10,20.86.197.66,20.86.197.130,20.82.27.42,20.82.27.49,20.82.27.240,20.82.28.201,20.82.28.253,20.82.29.15,20.50.2.71",
            "public_network_access_enabled": true,
            "resource_group_name": "webapp-rg",
            "service_plan_id": "/subscriptions/88eaf9d2-b255-412e-a937-141f9281d5bd/resourceGroups/webapp-rg/providers/Microsoft.Web/serverFarms/webapp-asp",
            "site_config": [
              {
                "always_on": true,
                "api_definition_url": "",
                "api_management_api_id": "",
                "app_command_line": "",
                "application_stack": [
                  {
                    "docker_image_name": "",
                    "docker_registry_password": "",
                    "docker_registry_url": "",
                    "docker_registry_username": "",
                    "dotnet_version": "",
                    "go_version": "",
                    "java_server": "",
                    "java_server_version": "",
                    "java_version": "",
                    "node_version": "",
                    "php_version": "8.3",
                    "python_version": "",
                    "ruby_version": ""
                  }
                ],
                "auto_heal_setting": [],
                "container_registry_managed_identity_client_id": "",
                "container_registry_use_managed_identity": false,
                "cors": [],
                "default_documents": [
                  "Default.htm",
                  "Default.html",
                  "Default.asp",
                  "index.htm",
                  "index.html",
                  "iisstart.htm",
                  "default.aspx",
                  "index.php",
                  "hostingstart.html"
                ],
                "detailed_error_logging_enabled": false,
                "ftps_state": "Disabled",
                "health_check_eviction_time_in_min": 0,
                "health_check_path": "",
                "http2_enabled": false,
                "ip_restriction": [],
                "ip_restriction_default_action": "Allow",
                "linux_fx_version": "PHP|8.3",
                "load_balancing_mode": "LeastRequests",
                "local_mysql_enabled": false,
                "managed_pipeline_mode": "Integrated",
                "minimum_tls_version": "1.2",
                "remote_debugging_enabled": false,
                "remote_debugging_version": "VS2022",
                "scm_ip_restriction": [],
                "scm_ip_restriction_default_action": "Allow",
                "scm_minimum_tls_version": "1.2",
                "scm_type": "GitHub",
                "scm_use_main_ip_restriction": false,
                "use_32_bit_worker": true,
                "vnet_route_all_enabled": false,
                "websockets_enabled": false,
                "worker_count": 1
              }
            ],
            "site_credential": [
              {
                "name": "$cloudprogrammingproject-281141",
                "password": "PJmzPpm7Z9CymL9rhGG1WdkQ20lr04B5F9fMN2YMmd96XvrA4KlWojpYmzen"
              }
            ],
            "sticky_settings": [],
            "storage_account": [],
            "tags": {},
            "timeouts": null,
            "virtual_network_backup_restore_enabled": false,
            "virtual_network_subnet_id": "",
            "webdeploy_publish_basic_authentication_enabled": true,
            "zip_deploy_file": ""
          },
          "sensitive_attributes": [
            [
              {
                "type": "get_attr",
                "value": "custom_domain_verification_id"
              }
            ],
            [
              {
                "type": "get_attr",
                "value": "site_config"
              },
              {
                "type": "index",
                "value": {
                  "value": 0,
                  "type": "number"
                }
              },
              {
                "type": "get_attr",
                "value": "application_stack"
              },
              {
                "type": "index",
                "value": {
                  "value": 0,
                  "type": "number"
                }
              },
              {
                "type": "get_attr",
                "value": "docker_registry_password"
              }
            ],
            [
              {
                "type": "get_attr",
                "value": "site_credential"
              }
            ]
          ],
          "identity_schema_version": 0,
          "private": "eyJlMmJmYjczMC1lY2FhLTExZTYtOGY4OC0zNDM2M2JjN2M0YzAiOnsiY3JlYXRlIjoxODAwMDAwMDAwMDAwLCJkZWxldGUiOjE4MDAwMDAwMDAwMDAsInJlYWQiOjMwMDAwMDAwMDAwMCwidXBkYXRlIjoxODAwMDAwMDAwMDAwfSwic2NoZW1hX3ZlcnNpb24iOiIxIn0=",
          "dependencies": [
            "azurerm_resource_group.rg",
            "azurerm_service_plan.asp",
            "random_integer.six_digit"
          ]
        }
      ]
    },
    {
      "mode": "managed",
      "type": "azurerm_monitor_autoscale_setting",
      "name": "autoscale",
      "provider": "provider[\"registry.terraform.io/hashicorp/azurerm\"]",
      "instances": [
        {
          "schema_version": 2,
          "attributes": {
            "enabled": true,
            "id": "/subscriptions/88eaf9d2-b255-412e-a937-141f9281d5bd/resourceGroups/webapp-rg/providers/Microsoft.Insights/autoScaleSettings/autoscale-webapp",
            "location": "westeurope",
            "name": "autoscale-webapp",
            "notification": [],
            "predictive": [],
            "profile": [
              {
                "capacity": [
                  {
                    "default": 1,
                    "maximum": 3,
                    "minimum": 1
                  }
                ],
                "fixed_date": [],
                "name": "defaultProfile",
                "recurrence": [],
                "rule": [
                  {
                    "metric_trigger": [
                      {
                        "dimensions": [],
                        "divide_by_instance_count": false,
                        "metric_name": "CpuPercentage",
                        "metric_namespace": "",
                        "metric_resource_id": "/subscriptions/88eaf9d2-b255-412e-a937-141f9281d5bd/resourceGroups/webapp-rg/providers/Microsoft.Web/serverFarms/webapp-asp",
                        "operator": "GreaterThan",
                        "statistic": "Average",
                        "threshold": 70,
                        "time_aggregation": "Average",
                        "time_grain": "PT1M",
                        "time_window": "PT5M"
                      }
                    ],
                    "scale_action": [
                      {
                        "cooldown": "PT5M",
                        "direction": "Increase",
                        "type": "ChangeCount",
                        "value": 1
                      }
                    ]
                  },
                  {
                    "metric_trigger": [
                      {
                        "dimensions": [],
                        "divide_by_instance_count": false,
                        "metric_name": "CpuPercentage",
                        "metric_namespace": "",
                        "metric_resource_id": "/subscriptions/88eaf9d2-b255-412e-a937-141f9281d5bd/resourceGroups/webapp-rg/providers/Microsoft.Web/serverFarms/webapp-asp",
                        "operator": "LessThan",
                        "statistic": "Average",
                        "threshold": 30,
                        "time_aggregation": "Average",
                        "time_grain": "PT1M",
                        "time_window": "PT5M"
                      }
                    ],
                    "scale_action": [
                      {
                        "cooldown": "PT5M",
                        "direction": "Decrease",
                        "type": "ChangeCount",
                        "value": 1
                      }
                    ]
                  }
                ]
              }
            ],
            "resource_group_name": "webapp-rg",
            "tags": {},
            "target_resource_id": "/subscriptions/88eaf9d2-b255-412e-a937-141f9281d5bd/resourceGroups/webapp-rg/providers/Microsoft.Web/serverFarms/webapp-asp",
            "timeouts": null
          },
          "sensitive_attributes": [],
          "identity_schema_version": 0,
          "private": "eyJlMmJmYjczMC1lY2FhLTExZTYtOGY4OC0zNDM2M2JjN2M0YzAiOnsiY3JlYXRlIjoxODAwMDAwMDAwMDAwLCJkZWxldGUiOjE4MDAwMDAwMDAwMDAsInJlYWQiOjMwMDAwMDAwMDAwMCwidXBkYXRlIjoxODAwMDAwMDAwMDAwfSwic2NoZW1hX3ZlcnNpb24iOiIyIn0=",
          "dependencies": [
            "azurerm_resource_group.rg",
            "azurerm_service_plan.asp"
          ]
        }
      ]
    },
    {
      "mode": "managed",
      "type": "azurerm_resource_group",
      "name": "rg",
      "provider": "provider[\"registry.terraform.io/hashicorp/azurerm\"]",
      "instances": [
        {
          "schema_version": 0,
          "attributes": {
            "id": "/subscriptions/88eaf9d2-b255-412e-a937-141f9281d5bd/resourceGroups/webapp-rg",
            "location": "westeurope",
            "managed_by": "",
            "name": "webapp-rg",
            "tags": {},
            "timeouts": null
          },
          "sensitive_attributes": [],
          "identity_schema_version": 0,
          "private": "eyJlMmJmYjczMC1lY2FhLTExZTYtOGY4OC0zNDM2M2JjN2M0YzAiOnsiY3JlYXRlIjo1NDAwMDAwMDAwMDAwLCJkZWxldGUiOjU0MDAwMDAwMDAwMDAsInJlYWQiOjMwMDAwMDAwMDAwMCwidXBkYXRlIjo1NDAwMDAwMDAwMDAwfX0="
        }
      ]
    },
    {
      "mode": "managed",
      "type": "azurerm_service_plan",
      "name": "asp",
      "provider": "provider[\"registry.terraform.io/hashicorp/azurerm\"]",
      "instances": [
        {
          "schema_version": 1,
          "attributes": {
            "app_service_environment_id": "",
            "id": "/subscriptions/88eaf9d2-b255-412e-a937-141f9281d5bd/resourceGroups/webapp-rg/providers/Microsoft.Web/serverFarms/webapp-asp",
            "kind": "linux",
            "location": "westeurope",
            "maximum_elastic_worker_count": 2,
            "name": "webapp-asp",
            "os_type": "Linux",
            "per_site_scaling_enabled": false,
            "premium_plan_auto_scale_enabled": false,
            "reserved": true,
            "resource_group_name": "webapp-rg",
            "sku_name": "S1",
            "tags": {},
            "timeouts": null,
            "worker_count": 2,
            "zone_balancing_enabled": false
          },
          "sensitive_attributes": [],
          "identity_schema_version": 0,
          "private": "eyJlMmJmYjczMC1lY2FhLTExZTYtOGY4OC0zNDM2M2JjN2M0YzAiOnsiY3JlYXRlIjozNjAwMDAwMDAwMDAwLCJkZWxldGUiOjM2MDAwMDAwMDAwMDAsInJlYWQiOjMwMDAwMDAwMDAwMCwidXBkYXRlIjozNjAwMDAwMDAwMDAwfSwic2NoZW1hX3ZlcnNpb24iOiIxIn0=",
          "dependencies": [
            "azurerm_resource_group.rg"
          ]
        }
      ]
    },
    {
      "mode": "managed",
      "type": "random_integer",
      "name": "six_digit",
      "provider": "provider[\"registry.terraform.io/hashicorp/random\"]",
      "instances": [
        {
          "schema_version": 0,
          "attributes": {
            "id": "281141",
            "keepers": null,
            "max": 999999,
            "min": 100000,
            "result": 281141,
            "seed": null
          },
          "sensitive_attributes": [],
          "identity_schema_version": 0
        }
      ]
    }
  ],
  "check_results": null
}
